
Microsoft Visual Studio Solution File, Format Version 12.00
# Visual Studio Version 17
VisualStudioVersion = 17.9.34728.123
MinimumVisualStudioVersion = 10.0.40219.1
Project("{FAE04EC0-301F-11D3-BF4B-00C04F79EFBC}") = "StaffManagementPractical", "StaffManagementPractical\StaffManagementPractical.csproj", "{E40739AF-3329-4A39-8DEA-6154BB0FBBF5}"
EndProject
Global
	GlobalSection(SolutionConfigurationPlatforms) = preSolution
		Debug|Any CPU = Debug|Any CPU
		Release|Any CPU = Release|Any CPU
	EndGlobalSection
	GlobalSection(ProjectConfigurationPlatforms) = postSolution
		{E40739AF-3329-4A39-8DEA-6154BB0FBBF5}.Debug|Any CPU.ActiveCfg = Debug|Any CPU
		{E40739AF-3329-4A39-8DEA-6154BB0FBBF5}.Debug|Any CPU.Build.0 = Debug|Any CPU
		{E40739AF-3329-4A39-8DEA-6154BB0FBBF5}.Release|Any CPU.ActiveCfg = Release|Any CPU
		{E40739AF-3329-4A39-8DEA-6154BB0FBBF5}.Release|Any CPU.Build.0 = Release|Any CPU
	EndGlobalSection
	GlobalSection(SolutionProperties) = preSolution
		HideSolutionNode = FALSE
	EndGlobalSection
	GlobalSection(ExtensibilityGlobals) = postSolution
		SolutionGuid = {44BE8AD5-C6B5-4B55-869A-5E63C24363DB}
	EndGlobalSection
EndGlobal
